
Microsoft Visual Studio Solution File, Format Version 12.00
# Visual Studio Version 17
VisualStudioVersion = 17.14.36603.0
MinimumVisualStudioVersion = 10.0.40219.1
Project("{FAE04EC0-301F-11D3-BF4B-00C04F79EFBC}") = "ArchitectureExercise", "ArchitectureExercise\ArchitectureExercise.csproj", "{89294108-7F6A-4BEF-AA37-DF4313F84C34}"
EndProject
Project("{FAE04EC0-301F-11D3-BF4B-00C04F79EFBC}") = "Architecture.Application", "Architecture.Application\Architecture.Application.csproj", "{26671436-88A4-45B4-AD62-5E7B75B74392}"
EndProject
Project("{FAE04EC0-301F-11D3-BF4B-00C04F79EFBC}") = "Architecture.Domain", "Architecture.Domain\Architecture.Domain.csproj", "{10A7DB41-2CA4-479C-9364-1D13786DA4B6}"
EndProject
Project("{FAE04EC0-301F-11D3-BF4B-00C04F79EFBC}") = "Architecture.Infrastructure", "Architecture.Infrastructure\Architecture.Infrastructure.csproj", "{2EACAFB6-ABBC-4C61-95C8-EA9A916A232E}"
EndProject
Project("{2150E333-8FDC-42A3-9474-1A3956D46DE8}") = "Elementos de la solución", "Elementos de la solución", "{D107F4C8-89CC-BEA8-D3D7-CA6B7733353D}"
	ProjectSection(SolutionItems) = preProject
		docker-compose.yml = docker-compose.yml
		Dockerfile = Dockerfile
	EndProjectSection
EndProject
Project("{2150E333-8FDC-42A3-9474-1A3956D46DE8}") = "Kubernetes", "Kubernetes", "{02EA681E-C7D8-13C7-8484-4AC65E1B71E8}"
	ProjectSection(SolutionItems) = preProject
		postgres-deployment.yaml = postgres-deployment.yaml
		postgres-service.yaml = postgres-service.yaml
		service.yml = service.yml
	EndProjectSection
EndProject
Global
	GlobalSection(SolutionConfigurationPlatforms) = preSolution
		Debug|Any CPU = Debug|Any CPU
		Release|Any CPU = Release|Any CPU
	EndGlobalSection
	GlobalSection(ProjectConfigurationPlatforms) = postSolution
		{89294108-7F6A-4BEF-AA37-DF4313F84C34}.Debug|Any CPU.ActiveCfg = Debug|Any CPU
		{89294108-7F6A-4BEF-AA37-DF4313F84C34}.Debug|Any CPU.Build.0 = Debug|Any CPU
		{89294108-7F6A-4BEF-AA37-DF4313F84C34}.Release|Any CPU.ActiveCfg = Release|Any CPU
		{89294108-7F6A-4BEF-AA37-DF4313F84C34}.Release|Any CPU.Build.0 = Release|Any CPU
		{26671436-88A4-45B4-AD62-5E7B75B74392}.Debug|Any CPU.ActiveCfg = Debug|Any CPU
		{26671436-88A4-45B4-AD62-5E7B75B74392}.Debug|Any CPU.Build.0 = Debug|Any CPU
		{26671436-88A4-45B4-AD62-5E7B75B74392}.Release|Any CPU.ActiveCfg = Release|Any CPU
		{26671436-88A4-45B4-AD62-5E7B75B74392}.Release|Any CPU.Build.0 = Release|Any CPU
		{10A7DB41-2CA4-479C-9364-1D13786DA4B6}.Debug|Any CPU.ActiveCfg = Debug|Any CPU
		{10A7DB41-2CA4-479C-9364-1D13786DA4B6}.Debug|Any CPU.Build.0 = Debug|Any CPU
		{10A7DB41-2CA4-479C-9364-1D13786DA4B6}.Release|Any CPU.ActiveCfg = Release|Any CPU
		{10A7DB41-2CA4-479C-9364-1D13786DA4B6}.Release|Any CPU.Build.0 = Release|Any CPU
		{2EACAFB6-ABBC-4C61-95C8-EA9A916A232E}.Debug|Any CPU.ActiveCfg = Debug|Any CPU
		{2EACAFB6-ABBC-4C61-95C8-EA9A916A232E}.Debug|Any CPU.Build.0 = Debug|Any CPU
		{2EACAFB6-ABBC-4C61-95C8-EA9A916A232E}.Release|Any CPU.ActiveCfg = Release|Any CPU
		{2EACAFB6-ABBC-4C61-95C8-EA9A916A232E}.Release|Any CPU.Build.0 = Release|Any CPU
	EndGlobalSection
	GlobalSection(SolutionProperties) = preSolution
		HideSolutionNode = FALSE
	EndGlobalSection
	GlobalSection(ExtensibilityGlobals) = postSolution
		SolutionGuid = {BA5EAE76-CC47-4BE9-87B9-2A7A838722FB}
	EndGlobalSection
EndGlobal
